# THIS IS AN AUTOGENERATED FILE. DO NOT EDIT THIS FILE DIRECTLY.
# yarn lockfile v1


"@changesets/apply-release-plan@^8.0.0":
  version "8.0.0"
  resolved "https://registry.yarnpkg.com/@changesets/apply-release-plan/-/apply-release-plan-8.0.0.tgz#48a545f2a23b5553981f234172c10b811e6fe0a1"
  integrity sha512-kUd2pbf1w5/AYmBMb0Tt+rkIPCjFJdT0SZMrkOjJT/WV/QbtmvkyB5jkV0oaNPheavprZk+SfUiozUti7TIL2w==
  dependencies:
    "@changesets/config" "^4.0.0"
    "@changesets/format" "^0.1.1"
    "@changesets/git" "^4.0.0"
    "@changesets/should-skip-package" "^1.0.0"
    "@changesets/types" "^7.0.0"
    import-meta-resolve "^4.2.0"
    jsonc-parser "^3.3.1"
    semver "^7.8.1"

"@changesets/assemble-release-plan@^7.0.0":
  version "7.0.0"
  resolved "https://registry.yarnpkg.com/@changesets/assemble-release-plan/-/assemble-release-plan-7.0.0.tgz#ef4a2fb86270dcc0db405f13ad6977dcaea27049"
  integrity sha512-oEW8BxdA604kGGtDSCiHr5w9Tv4UWe9I2k61IBNZzCOE1kbYaJj4v+lFQNgcEZFkUc2pV/+hASErGDvpJOZCTg==
  dependencies:
    "@changesets/errors" "^1.0.0"
    "@changesets/get-dependents-graph" "^3.0.0"
    "@changesets/should-skip-package" "^1.0.0"
    "@changesets/types" "^7.0.0"
    semver "^7.8.1"

"@changesets/changelog-git@^1.0.0":
  version "1.0.0"
  resolved "https://registry.yarnpkg.com/@changesets/changelog-git/-/changelog-git-1.0.0.tgz#c06da926eb29651f414125cc37a21c31052e873c"
  integrity sha512-3Dst2Ime2Op5nd4XmWJLPIgp11ZFqJqSkVug9izK6TDcIV4YlhPS4ECbEVR+eGI0bk0r1ItogD4j2Oli87bJrA==
  dependencies:
    "@changesets/types" "^7.0.0"

"@changesets/cli@^3.0.0":
  version "3.0.0"
  resolved "https://registry.yarnpkg.com/@changesets/cli/-/cli-3.0.0.tgz#f45c904162b221cb3a9ec46637750d79f5e1fa12"
  integrity sha512-V7Gm+GP5OT3mJinMI2YcJD/JyO/a4WChnaMCCzTRhWHgu1zhtsyY7zCjP6n5W6zsgSjJKs+yPmvtREvE0F2g8A==
  dependencies:
    "@changesets/apply-release-plan" "^8.0.0"
    "@changesets/assemble-release-plan" "^7.0.0"
    "@changesets/changelog-git" "^1.0.0"
    "@changesets/config" "^4.0.0"
    "@changesets/errors" "^1.0.0"
    "@changesets/get-dependents-graph" "^3.0.0"
    "@changesets/git" "^4.0.0"
    "@changesets/pre" "^3.0.0"
    "@changesets/read" "^1.0.0"
    "@changesets/should-skip-package" "^1.0.0"
    "@changesets/types" "^7.0.0"
    "@changesets/write" "^1.0.0"
    "@clack/prompts" "^1.7.0"
    "@manypkg/get-packages" "^3.1.0"
    "@pnpm/deps.graph-sequencer" "^1100.0.1"
    cac "^7.0.0"
    import-meta-resolve "^4.2.0"
    launch-editor "^2.14.1"
    package-manager-detector "^1.6.0"
    semver "^7.8.1"
    tinyexec "^1.3.0"

"@changesets/config@^4.0.0":
  version "4.0.0"
  resolved "https://registry.yarnpkg.com/@changesets/config/-/config-4.0.0.tgz#43662c91d6cc81419778a5294c44fa9cbaf03d7d"
  integrity sha512-mw95/YrkOuhZZxfnVAA4bSXOFUi+KlhzOBTM8C4x777NhUU6HWIl9Z+K+nME+E4PVsv5NQVQwTfiHihAS1A/ow==
  dependencies:
    "@changesets/get-dependents-graph" "^3.0.0"
    "@changesets/should-skip-package" "^1.0.0"
    "@changesets/types" "^7.0.0"
    "@manypkg/get-packages" "^3.1.0"
    picomatch "^4.0.4"

"@changesets/errors@^1.0.0":
  version "1.0.0"
  resolved "https://registry.yarnpkg.com/@changesets/errors/-/errors-1.0.0.tgz#036fc8a9936dd37d29dfc3035a7231a6bacd642c"
  integrity sha512-ElN/mEzn6zmETgjwf5MclCMa9ef59sAR0lfO8VSYIsiRvbC2FbLB/92EoYw10Sl0kGixxHFiJZUSv7dA+YpR8g==

"@changesets/format@^0.1.1":
  version "0.1.2"
  resolved "https://registry.yarnpkg.com/@changesets/format/-/format-0.1.2.tgz#036f5e32ebbcd0b5220f7f5092e617e10d9f96dc"
  integrity sha512-Caez5XtNXCFS/G5bwyav3wuXL0tMxVd2ZGbaumWbzN08tyzO21asCw7JZhNtVsAZDCvDRUzZN+Iit9SyRITSYA==
  dependencies:
    package-manager-detector "^1.8.0"
    tinyexec "^1.3.0"

"@changesets/get-dependents-graph@^3.0.0":
  version "3.0.0"
  resolved "https://registry.yarnpkg.com/@changesets/get-dependents-graph/-/get-dependents-graph-3.0.0.tgz#995d4896cbfe76ee003c84c85f986491ff58cac1"
  integrity sha512-ji/t5wFA1zREKXRUePE6Qi+Qu2UgxCeSSGQrphezwvQZrp49B7sJ+8+wvM0tA7zPeSxYKCojDy3WWgrl+s+awg==
  dependencies:
    "@changesets/types" "^7.0.0"
    semver "^7.8.1"

"@changesets/git@^4.0.0":
  version "4.0.0"
  resolved "https://registry.yarnpkg.com/@changesets/git/-/git-4.0.0.tgz#281d5da08a17f2e18be123be8035abcc9ac05461"
  integrity sha512-uIEswpPUgzBBqrC0qg13byNaPorzhf05LE2T+gRizEKCXvMsJC6NPJp5iNDSV/gYj4Viqh09UiOF5E7XWeH5lQ==
  dependencies:
    "@changesets/errors" "^1.0.0"
    "@changesets/types" "^7.0.0"
    "@manypkg/get-packages" "^3.1.0"
    picomatch "^4.0.4"
    tinyexec "^1.3.0"

"@changesets/parse@^1.0.0":
  version "1.0.0"
  resolved "https://registry.yarnpkg.com/@changesets/parse/-/parse-1.0.0.tgz#02d047a4c5874eafabf7dfeea852e9e2cb3880d1"
  integrity sha512-P0iaMb9p9CRYZiTgAllEIF9AUMQHIy1G72tKlcIqJp61icZSsKQNiOPdxAMZG8m/DvZwt/oz5xEbTpike//dWg==
  dependencies:
    "@changesets/types" "^7.0.0"
    yaml "^2.9.0"

"@changesets/pre@^3.0.0":
  version "3.0.0"
  resolved "https://registry.yarnpkg.com/@changesets/pre/-/pre-3.0.0.tgz#f37af49f5b27d9d2deca8cf7a8ed4e179ea93800"
  integrity sha512-Zm/6YliV/a2oeWTqHJf6KxLrQwgcK1i/BRDl2m0EKZvbnxV5fG9QRhwJJGshjsZTUTS6dkfURQ2K6aAvgNw/3Q==
  dependencies:
    "@changesets/errors" "^1.0.0"
    "@changesets/types" "^7.0.0"
    "@manypkg/get-packages" "^3.1.0"

"@changesets/read@^1.0.0":
  version "1.0.0"
  resolved "https://registry.yarnpkg.com/@changesets/read/-/read-1.0.0.tgz#1af1e89915193a2402b8849b3bae53ded043f9e8"
  integrity sha512-8TdE2PwG6yArPt5Ozej83Z6iHz1G8BDBKvIEKZ455MccR4K3GNbLR2XqjBxa+5yLFnEd3xAOPXYboBg1pt8stQ==
  dependencies:
    "@changesets/git" "^4.0.0"
    "@changesets/parse" "^1.0.0"
    "@changesets/types" "^7.0.0"

"@changesets/should-skip-package@^1.0.0":
  version "1.0.0"
  resolved "https://registry.yarnpkg.com/@changesets/should-skip-package/-/should-skip-package-1.0.0.tgz#e9ec50dfa8bda903285e18981dd539ccd3fe84c7"
  integrity sha512-pwqoJmbONn1XgXmZXPEExgAaT+HdZLjALFTDgIm+PnS5KeO2nLtzA2/Q+4aMFY14kFMuXKG30MObhvDzWgzDgg==
  dependencies:
    "@changesets/types" "^7.0.0"

"@changesets/types@^7.0.0":
  version "7.0.0"
  resolved "https://registry.yarnpkg.com/@changesets/types/-/types-7.0.0.tgz#60883fa02b6dbe1b68b025760ff4f7386c3da8c7"
  integrity sha512-c5GoiQyt3pxiXjrWSNoP8/GRf4kG+VnKzovx1OQM8dYYALlSwgedmkPmJ+ZqGxqwg9D3Bkj85Uo4KLd5BN3A0w==

"@changesets/write@^1.0.0":
  version "1.0.0"
  resolved "https://registry.yarnpkg.com/@changesets/write/-/write-1.0.0.tgz#e6a149fd2bd1f55c5213b19f22ca12797342bf03"
  integrity sha512-xCK3/4C7Z7muQB/wguE6HcbjtY9iOtaK9orZKE+7xi573cMGD8rLZz7qlo6IvK7s+SIUIKajzj1l+F1QuP97tw==
  dependencies:
    "@changesets/format" "^0.1.1"
    "@changesets/types" "^7.0.0"
    human-id "^4.2.0"

"@clack/core@1.4.3":
  version "1.4.3"
  resolved "https://registry.yarnpkg.com/@clack/core/-/core-1.4.3.tgz#1e831974f811d733707ec650e58f690d7d74c5fa"
  integrity sha512-/kr3UWNtdJfxZtPgDqUOmG2pvwlmcLGheex5yiZKdwbzZJxhV+HMNR9QNmyY5cGwTNV6LrR7Jtp+KjhUAP1qBQ==
  dependencies:
    fast-wrap-ansi "^0.2.0"
    sisteransi "^1.0.5"

"@clack/prompts@^1.7.0":
  version "1.7.0"
  resolved "https://registry.yarnpkg.com/@clack/prompts/-/prompts-1.7.0.tgz#2d6ced363a608ba23f6b9611205b8306c85bbf0d"
  integrity sha512-y7/yvZ2TPAnR9+jnc00klvNNLkJiXFFrQA/hlLCcxA9a2A4zQIOimyFQ9XfwYKiGD1fb5GY8vbKIIgO8d5Tb2A==
  dependencies:
    "@clack/core" "1.4.3"
    fast-string-width "^3.0.2"
    fast-wrap-ansi "^0.2.0"
    sisteransi "^1.0.5"

"@manypkg/find-root@^3.1.0":
  version "3.1.0"
  resolved "https://registry.yarnpkg.com/@manypkg/find-root/-/find-root-3.1.0.tgz#dde5798a08fb2d0e05ee8ba3b745134532cc7b74"
  integrity sha512-BcSqCyKhBVZ5YkSzOiheMCV41kqAFptW6xGqYSTjkVTl9XQpr+pqHhwgGCOHQtjDCv7Is6EFyA14Sm5GVbVABA==
  dependencies:
    "@manypkg/tools" "^2.1.0"

"@manypkg/get-packages@^3.1.0":
  version "3.1.0"
  resolved "https://registry.yarnpkg.com/@manypkg/get-packages/-/get-packages-3.1.0.tgz#c97510b6386cab9c4a59e4a7fc2757753ef18865"
  integrity sha512-0TbBVyvPrP7xGYBI/cP8UP+yl/z+HtbTttAD7FMAJgn/kXOTwh5/60TsqP9ZYY710forNfyV0N8P/IE/ujGZJg==
  dependencies:
    "@manypkg/find-root" "^3.1.0"
    "@manypkg/tools" "^2.1.0"

"@manypkg/tools@^2.1.0":
  version "2.1.2"
  resolved "https://registry.yarnpkg.com/@manypkg/tools/-/tools-2.1.2.tgz#45cc1fdc9ccc6ba75fba0fff4d758d1fde832482"
  integrity sha512-6QEf6yqFbETdwGITKq57aYoPfX/3K8XFNwsAlx0C1M7o8cb79sv1M3w+tWuWvIcSbNqrLF7OD7YpZMVVz335hQ==
  dependencies:
    jju "^1.4.0"
    tinyglobby "^0.2.13"
    yaml "^2.9.0"

"@pnpm/deps.graph-sequencer@^1100.0.1":
  version "1100.0.1"
  resolved "https://registry.yarnpkg.com/@pnpm/deps.graph-sequencer/-/deps.graph-sequencer-1100.0.1.tgz#8a2aeed98855391404ad808494f0230ff5f33139"
  integrity sha512-pOr5+q1fLYKwFN3LAJuGZEnfXDcQ73zqgDHMtGy+K+uIoUqyY+6MeDCWFwfu+4EFuq76I5EPFofoNAI+Bmmq4A==

cac@^7.0.0:
  version "7.0.0"
  resolved "https://registry.yarnpkg.com/cac/-/cac-7.0.0.tgz#7dda83da2268f75f840ab89ac3bcc36c120a78da"
  integrity sha512-tixWYgm5ZoOD+3g6UTea91eow5z6AAHaho3g0V9CNSNb45gM8SmflpAc+GRd1InC4AqN/07Unrgp56Y94N9hJQ==

fast-string-truncated-width@^3.0.2:
  version "3.0.3"
  resolved "https://registry.yarnpkg.com/fast-string-truncated-width/-/fast-string-truncated-width-3.0.3.tgz#23afe0da67d752ca0727538f1e6967759728ce49"
  integrity sha512-0jjjIEL6+0jag3l2XWWizO64/aZVtpiGE3t0Zgqxv0DPuxiMjvB3M24fCyhZUO4KomJQPj3LTSUnDP3GpdwC0g==

fast-string-width@^3.0.2:
  version "3.0.2"
  resolved "https://registry.yarnpkg.com/fast-string-width/-/fast-string-width-3.0.2.tgz#16dbabb491ce5585b5ecb675b65c165d71688eeb"
  integrity sha512-gX8LrtNEI5hq8DVUfRQMbr5lpaS4nMIWV+7XEbXk2b8kiQIizgnlr12B4dA3ZEx3308ze0O4Q1R+cHts8kyUJg==
  dependencies:
    fast-string-truncated-width "^3.0.2"

fast-wrap-ansi@^0.2.0:
  version "0.2.2"
  resolved "https://registry.yarnpkg.com/fast-wrap-ansi/-/fast-wrap-ansi-0.2.2.tgz#95e952a0145bce3f59ad56e179f84c48d4072935"
  integrity sha512-7F2Fl+TjRSenLqlU3UjSH0iyqopqoZIu7eZVpEirP2g1GtWa2G/ecEmBdgz31+Mxr+ELclgg6sokpSFIQiZ02Q==
  dependencies:
    fast-string-width "^3.0.2"

fdir@^6.5.0:
  version "6.5.0"
  resolved "https://registry.yarnpkg.com/fdir/-/fdir-6.5.0.tgz#ed2ab967a331ade62f18d077dae192684d50d350"
  integrity sha512-tIbYtZbucOs0BRGqPJkshJUYdL+SDH7dVM8gjy+ERp3WAUjLEFJE+02kanyHtwjWOnwrKYBiwAmM0p4kLJAnXg==

human-id@^4.2.0:
  version "4.2.0"
  resolved "https://registry.yarnpkg.com/human-id/-/human-id-4.2.0.tgz#9a60548267dd8c8a012b0b8e7667e6cd2f1a170e"
  integrity sha512-K3GbkIWqyvvlpfhBPlbEvD97TtqBpAYA4kt+cn2lD2x2HuohzZCibcA2nOlnJT6exqvJLggoB5nv2dNf192nEA==

import-meta-resolve@^4.2.0:
  version "4.2.0"
  resolved "https://registry.yarnpkg.com/import-meta-resolve/-/import-meta-resolve-4.2.0.tgz#08cb85b5bd37ecc8eb1e0f670dc2767002d43734"
  integrity sha512-Iqv2fzaTQN28s/FwZAoFq0ZSs/7hMAHJVX+w8PZl3cY19Pxk6jFFalxQoIfW2826i/fDLXv8IiEZRIT0lDuWcg==

jju@^1.4.0:
  version "1.4.0"
  resolved "https://registry.yarnpkg.com/jju/-/jju-1.4.0.tgz#a3abe2718af241a2b2904f84a625970f389ae32a"
  integrity sha512-8wb9Yw966OSxApiCt0K3yNJL8pnNeIv+OEq2YMidz4FKP6nonSRoOXc80iXY4JaN2FC11B9qsNmDsm+ZOfMROA==

jsonc-parser@^3.3.1:
  version "3.3.1"
  resolved "https://registry.yarnpkg.com/jsonc-parser/-/jsonc-parser-3.3.1.tgz#f2a524b4f7fd11e3d791e559977ad60b98b798b4"
  integrity sha512-HUgH65KyejrUFPvHFPbqOY0rsFip3Bo5wb4ngvdi1EpCYWUQDC5V+Y7mZws+DLkr4M//zQJoanu1SP+87Dv1oQ==

launch-editor@^2.14.1:
  version "2.14.1"
  resolved "https://registry.yarnpkg.com/launch-editor/-/launch-editor-2.14.1.tgz#f7e0da3f58aaea03fea01074d840b5f739ed7ddc"
  integrity sha512-QWBrQsMpH7gPr965dsKD/3cKWiNoTjpATQf++Xq63N6sKRGMwlVXz41O1IZTMfZQgBctD/K5Zt06+/I6pP6+HA==
  dependencies:
    picocolors "^1.1.1"
    shell-quote "^1.8.4"

package-manager-detector@^1.6.0, package-manager-detector@^1.8.0:
  version "1.8.0"
  resolved "https://registry.yarnpkg.com/package-manager-detector/-/package-manager-detector-1.8.0.tgz#70c9a2c4bd1a513dcd6cad006a9fcebec22a1253"
  integrity sha512-yQA4H19AmPEoMUeavPMDIe1higySl/gH/yaQrkT/s07Qp+7pp2hYz30N3z2l5BkjVkF9Ow6o0wjJamm2y7Sn0A==

picocolors@^1.1.1:
  version "1.1.1"
  resolved "https://registry.yarnpkg.com/picocolors/-/picocolors-1.1.1.tgz#3d321af3eab939b083c8f929a1d12cda81c26b6b"
  integrity sha512-xceH2snhtb5M9liqDsmEw56le376mTZkEX/jEb/RxNFyegNul7eNslCXP9FDj/Lcu0X8KEyMceP2ntpaHrDEVA==

picomatch@^4.0.4:
  version "4.0.5"
  resolved "https://registry.yarnpkg.com/picomatch/-/picomatch-4.0.5.tgz#51ea57a17d86f605f81039595fbc40ed06a55fab"
  integrity sha512-RvwwcruNjI1ncT5xRakeyS9Lf8lcItv34KD+aif+VH9kduAyfYBipGh12274xtenIPZ119/R9BdTBa8gAwSh0A==

semver@^7.8.1:
  version "7.8.5"
  resolved "https://registry.yarnpkg.com/semver/-/semver-7.8.5.tgz#39b646037dd50c14fb451e7e4cac58ed8b863f69"
  integrity sha512-Y7/KDsb8LjooZpwaqGyulO6DQlksgCncchHGk+sZIY4SBvUocMBEFH5Ur1fI4dV+Jvl0w6cjvucaIi40puRioA==

shell-quote@^1.8.4:
  version "1.10.0"
  resolved "https://registry.yarnpkg.com/shell-quote/-/shell-quote-1.10.0.tgz#482033e192e4f5c07151521ffa03400ec71b1b0f"
  integrity sha512-w1aiOKwKuRgtwAReIIj89puqg+I7GvX4IbLrvmhXbzQsj1+Zwi4VO3+fa6ZF91TWSjIxoEkKnMeHcLEODK5ZXA==

sisteransi@^1.0.5:
  version "1.0.5"
  resolved "https://registry.yarnpkg.com/sisteransi/-/sisteransi-1.0.5.tgz#134d681297756437cc05ca01370d3a7a571075ed"
  integrity sha512-bLGGlR1QxBcynn2d5YmDX4MGjlZvy2MRBDRNHLJ8VI6l6+9FUiyTFNJ0IveOSP0bcXgVDPRcfGqA0pjaqUpfVg==

tinyexec@^1.3.0:
  version "1.3.0"
  resolved "https://registry.yarnpkg.com/tinyexec/-/tinyexec-1.3.0.tgz#aacc1dbb1d4e93e6ad8dd64944e09f9ad147a474"
  integrity sha512-QKAl9m8gWWGHV8jZcPeym6j+XULi6tOf1mT83WYJ4Lk2ytW/uwAWkrP0uFsdoYMdueVJ0qs26wZ+23xeB4ibNQ==

tinyglobby@^0.2.13:
  version "0.2.17"
  resolved "https://registry.yarnpkg.com/tinyglobby/-/tinyglobby-0.2.17.tgz#562a9a6c9eb2b3b123d39719f9af5bb44fcd7631"
  integrity sha512-wXR/dYpcqKmfWpEdZjiKJOwCNFndD0DMnrW/cYjVGttEkBfVgcLFHoNrlj47mjOVic9yyNu65alsgF4NQyTa2g==
  dependencies:
    fdir "^6.5.0"
    picomatch "^4.0.4"

yaml@^2.9.0:
  version "2.9.0"
  resolved "https://registry.yarnpkg.com/yaml/-/yaml-2.9.0.tgz#78274afd93598a1dfdd6130df6a566defcbf9aa4"
  integrity sha512-2AvhNX3mb8zd6Zy7INTtSpl1F15HW6Wnqj0srWlkKLcpYl/gMIMJiyuGq2KeI2YFxUPjdlB+3Lc10seMLtL4cA==
